
Microsoft Visual Studio Solution File, Format Version 12.00
# Visual Studio 15
VisualStudioVersion = 15.0.28307.1062
MinimumVisualStudioVersion = 10.0.40219.1
Project("{FAE04EC0-301F-11D3-BF4B-00C04F79EFBC}") = "Nota2", "Nota2\Nota2.csproj", "{14ED82B6-9CF6-47C9-9230-1CA8FEDC7DAA}"
EndProject
Global
	GlobalSection(SolutionConfigurationPlatforms) = preSolution
		Debug|Any CPU = Debug|Any CPU
		Release|Any CPU = Release|Any CPU
	EndGlobalSection
	GlobalSection(ProjectConfigurationPlatforms) = postSolution
		{14ED82B6-9CF6-47C9-9230-1CA8FEDC7DAA}.Debug|Any CPU.ActiveCfg = Debug|Any CPU
		{14ED82B6-9CF6-47C9-9230-1CA8FEDC7DAA}.Debug|Any CPU.Build.0 = Debug|Any CPU
		{14ED82B6-9CF6-47C9-9230-1CA8FEDC7DAA}.Release|Any CPU.ActiveCfg = Release|Any CPU
		{14ED82B6-9CF6-47C9-9230-1CA8FEDC7DAA}.Release|Any CPU.Build.0 = Release|Any CPU
	EndGlobalSection
	GlobalSection(SolutionProperties) = preSolution
		HideSolutionNode = FALSE
	EndGlobalSection
	GlobalSection(ExtensibilityGlobals) = postSolution
		SolutionGuid = {C7FEB7B0-6C4B-4518-B733-5589D11202D5}
	EndGlobalSection
EndGlobal
